// !$*UTF8*$!
{
	archiveVersion = 1;
	classes = {
	};
	objectVersion = 46;
	objects = {

/* Begin PBXBuildFile section */
		407620791AFEC41200100550 /* main.m in Sources */ = {isa = PBXBuildFile; fileRef = 407620781AFEC41200100550 /* main.m */; };
		4076207C1AFEC41200100550 /* AppDelegate.m in Sources */ = {isa = PBXBuildFile; fileRef = 4076207B1AFEC41200100550 /* AppDelegate.m */; };
		407620821AFEC41200100550 /* Main.storyboard in Resources */ = {isa = PBXBuildFile; fileRef = 407620801AFEC41200100550 /* Main.storyboard */; };
		407620841AFEC41200100550 /* Images.xcassets in Resources */ = {isa = PBXBuildFile; fileRef = 407620831AFEC41200100550 /* Images.xcassets */; };
		407620871AFEC41200100550 /* LaunchScreen.xib in Resources */ = {isa = PBXBuildFile; fileRef = 407620851AFEC41200100550 /* LaunchScreen.xib */; };
		407620931AFEC41200100550 /* GravvyTests.m in Sources */ = {isa = PBXBuildFile; fileRef = 407620921AFEC41200100550 /* GravvyTests.m */; };
		4076209E1AFED87800100550 /* UIKit.framework in Frameworks */ = {isa = PBXBuildFile; fileRef = 4076209D1AFED87800100550 /* UIKit.framework */; };
		407620A01AFED88A00100550 /* Foundation.framework in Frameworks */ = {isa = PBXBuildFile; fileRef = 4076209F1AFED88A00100550 /* Foundation.framework */; };
		407620A21AFED89400100550 /* CoreData.framework in Frameworks */ = {isa = PBXBuildFile; fileRef = 407620A11AFED89400100550 /* CoreData.framework */; };
/* End PBXBuildFile section */

/* Begin PBXContainerItemProxy section */
		4076208D1AFEC41200100550 /* PBXContainerItemProxy */ = {
			isa = PBXContainerItemProxy;
			containerPortal = 4076206B1AFEC41200100550 /* Project object */;
			proxyType = 1;
			remoteGlobalIDString = 407620721AFEC41200100550;
			remoteInfo = Gravvy;
		};
/* End PBXContainerItemProxy section */

/* Begin PBXFileReference section */
		407620731AFEC41200100550 /* Gravvy.app */ = {isa = PBXFileReference; explicitFileType = wrapper.application; includeInIndex = 0; path = Gravvy.app; sourceTree = BUILT_PRODUCTS_DIR; };
		407620771AFEC41200100550 /* Info.plist */ = {isa = PBXFileReference; lastKnownFileType = text.plist.xml; path = Info.plist; sourceTree = "<group>"; };
		407620781AFEC41200100550 /* main.m */ = {isa = PBXFileReference; lastKnownFileType = sourcecode.c.objc; path = main.m; sourceTree = "<group>"; };
		4076207A1AFEC41200100550 /* AppDelegate.h */ = {isa = PBXFileReference; lastKnownFileType = sourcecode.c.h; path = AppDelegate.h; sourceTree = "<group>"; };
		4076207B1AFEC41200100550 /* AppDelegate.m */ = {isa = PBXFileReference; lastKnownFileType = sourcecode.c.objc; path = AppDelegate.m; sourceTree = "<group>"; };
		407620811AFEC41200100550 /* Base */ = {isa = PBXFileReference; lastKnownFileType = file.storyboard; name = Base; path = Base.lproj/Main.storyboard; sourceTree = "<group>"; };
		407620831AFEC41200100550 /* Images.xcassets */ = {isa = PBXFileReference; lastKnownFileType = folder.assetcatalog; path = Images.xcassets; sourceTree = "<group>"; };
		407620861AFEC41200100550 /* Base */ = {isa = PBXFileReference; lastKnownFileType = file.xib; name = Base; path = Base.lproj/LaunchScreen.xib; sourceTree = "<group>"; };
		4076208C1AFEC41200100550 /* GravvyTests.xctest */ = {isa = PBXFileReference; explicitFileType = wrapper.cfbundle; includeInIndex = 0; path = GravvyTests.xctest; sourceTree = BUILT_PRODUCTS_DIR; };
		407620911AFEC41200100550 /* Info.plist */ = {isa = PBXFileReference; lastKnownFileType = text.plist.xml; path = Info.plist; sourceTree = "<group>"; };
		407620921AFEC41200100550 /* GravvyTests.m */ = {isa = PBXFileReference; lastKnownFileType = sourcecode.c.objc; path = GravvyTests.m; sourceTree = "<group>"; };
		4076209D1AFED87800100550 /* UIKit.framework */ = {isa = PBXFileReference; lastKnownFileType = wrapper.framework; name = UIKit.framework; path = System/Library/Frameworks/UIKit.framework; sourceTree = SDKROOT; };
		4076209F1AFED88A00100550 /* Foundation.framework */ = {isa = PBXFileReference; lastKnownFileType = wrapper.framework; name = Foundation.framework; path = System/Library/Frameworks/Foundation.framework; sourceTree = SDKROOT; };
		407620A11AFED89400100550 /* CoreData.framework */ = {isa = PBXFileReference; lastKnownFileType = wrapper.framework; name = CoreData.framework; path = System/Library/Frameworks/CoreData.framework; sourceTree = SDKROOT; };
/* End PBXFileReference section */

/* Begin PBXFrameworksBuildPhase section */
		407620701AFEC41200100550 /* Frameworks */ = {
			isa = PBXFrameworksBuildPhase;
			buildActionMask = 2147483647;
			files = (
				407620A21AFED89400100550 /* CoreData.framework in Frameworks */,
				407620A01AFED88A00100550 /* Foundation.framework in Frameworks */,
				4076209E1AFED87800100550 /* UIKit.framework in Frameworks */,
			);
			runOnlyForDeploymentPostprocessing = 0;
		};
		407620891AFEC41200100550 /* Frameworks */ = {
			isa = PBXFrameworksBuildPhase;
			buildActionMask = 2147483647;
			files = (
			);
			runOnlyForDeploymentPostprocessing = 0;
		};
/* End PBXFrameworksBuildPhase section */

/* Begin PBXGroup section */
		4076206A1AFEC41200100550 = {
			isa = PBXGroup;
			children = (
				407620751AFEC41200100550 /* Gravvy */,
				4076208F1AFEC41200100550 /* GravvyTests */,
				4076209C1AFED85400100550 /* Frameworks */,
				407620741AFEC41200100550 /* Products */,
			);
			sourceTree = "<group>";
		};
		407620741AFEC41200100550 /* Products */ = {
			isa = PBXGroup;
			children = (
				407620731AFEC41200100550 /* Gravvy.app */,
				4076208C1AFEC41200100550 /* GravvyTests.xctest */,
			);
			name = Products;
			sourceTree = "<group>";
		};
		407620751AFEC41200100550 /* Gravvy */ = {
			isa = PBXGroup;
			children = (
				4076207A1AFEC41200100550 /* AppDelegate.h */,
				4076207B1AFEC41200100550 /* AppDelegate.m */,
				407620801AFEC41200100550 /* Main.storyboard */,
				407620831AFEC41200100550 /* Images.xcassets */,
				407620851AFEC41200100550 /* LaunchScreen.xib */,
				407620761AFEC41200100550 /* Supporting Files */,
			);
			path = Gravvy;
			sourceTree = "<group>";
		};
		407620761AFEC41200100550 /* Supporting Files */ = {
			isa = PBXGroup;
			children = (
				407620771AFEC41200100550 /* Info.plist */,
				407620781AFEC41200100550 /* main.m */,
			);
			name = "Supporting Files";
			sourceTree = "<group>";
		};
		4076208F1AFEC41200100550 /* GravvyTests */ = {
			isa = PBXGroup;
			children = (
				407620921AFEC41200100550 /* GravvyTests.m */,
				407620901AFEC41200100550 /* Supporting Files */,
			);
			path = GravvyTests;
			sourceTree = "<group>";
		};
		407620901AFEC41200100550 /* Supporting Files */ = {
			isa = PBXGroup;
			children = (
				407620911AFEC41200100550 /* Info.plist */,
			);
			name = "Supporting Files";
			sourceTree = "<group>";
		};
		4076209C1AFED85400100550 /* Frameworks */ = {
			isa = PBXGroup;
			children = (
				407620A11AFED89400100550 /* CoreData.framework */,
				4076209F1AFED88A00100550 /* Foundation.framework */,
				4076209D1AFED87800100550 /* UIKit.framework */,
			);
			name = Frameworks;
			sourceTree = "<group>";
		};
/* End PBXGroup section */

/* Begin PBXNativeTarget section */
		407620721AFEC41200100550 /* Gravvy */ = {
			isa = PBXNativeTarget;
			buildConfigurationList = 407620961AFEC41200100550 /* Build configuration list for PBXNativeTarget "Gravvy" */;
			buildPhases = (
				4076206F1AFEC41200100550 /* Sources */,
				407620701AFEC41200100550 /* Frameworks */,
				407620711AFEC41200100550 /* Resources */,
			);
			buildRules = (
			);
			dependencies = (
			);
			name = Gravvy;
			productName = Gravvy;
			productReference = 407620731AFEC41200100550 /* Gravvy.app */;
			productType = "com.apple.product-type.application";
		};
		4076208B1AFEC41200100550 /* GravvyTests */ = {
			isa = PBXNativeTarget;
			buildConfigurationList = 407620991AFEC41200100550 /* Build configuration list for PBXNativeTarget "GravvyTests" */;
			buildPhases = (
				407620881AFEC41200100550 /* Sources */,
				407620891AFEC41200100550 /* Frameworks */,
				4076208A1AFEC41200100550 /* Resources */,
			);
			buildRules = (
			);
			dependencies = (
				4076208E1AFEC41200100550 /* PBXTargetDependency */,
			);
			name = GravvyTests;
			productName = GravvyTests;
			productReference = 4076208C1AFEC41200100550 /* GravvyTests.xctest */;
			productType = "com.apple.product-type.bundle.unit-test";
		};
/* End PBXNativeTarget section */

/* Begin PBXProject section */
		4076206B1AFEC41200100550 /* Project object */ = {
			isa = PBXProject;
			attributes = {
				LastUpgradeCheck = 0630;
				ORGANIZATIONNAME = "Nnoduka Eruchalu";
				TargetAttributes = {
					407620721AFEC41200100550 = {
						CreatedOnToolsVersion = 6.3.1;
					};
					4076208B1AFEC41200100550 = {
						CreatedOnToolsVersion = 6.3.1;
						TestTargetID = 407620721AFEC41200100550;
					};
				};
			};
			buildConfigurationList = 4076206E1AFEC41200100550 /* Build configuration list for PBXProject "Gravvy" */;
			compatibilityVersion = "Xcode 3.2";
			developmentRegion = English;
			hasScannedForEncodings = 0;
			knownRegions = (
				en,
				Base,
			);
			mainGroup = 4076206A1AFEC41200100550;
			productRefGroup = 407620741AFEC41200100550 /* Products */;
			projectDirPath = "";
			projectRoot = "";
			targets = (
				407620721AFEC41200100550 /* Gravvy */,
				4076208B1AFEC41200100550 /* GravvyTests */,
			);
		};
/* End PBXProject section */

/* Begin PBXResourcesBuildPhase section */
		407620711AFEC41200100550 /* Resources */ = {
			isa = PBXResourcesBuildPhase;
			buildActionMask = 2147483647;
			files = (
				407620821AFEC41200100550 /* Main.storyboard in Resources */,
				407620871AFEC41200100550 /* LaunchScreen.xib in Resources */,
				407620841AFEC41200100550 /* Images.xcassets in Resources */,
			);
			runOnlyForDeploymentPostprocessing = 0;
		};
		4076208A1AFEC41200100550 /* Resources */ = {
			isa = PBXResourcesBuildPhase;
			buildActionMask = 2147483647;
			files = (
			);
			runOnlyForDeploymentPostprocessing = 0;
		};
/* End PBXResourcesBuildPhase section */

/* Begin PBXSourcesBuildPhase section */
		4076206F1AFEC41200100550 /* Sources */ = {
			isa = PBXSourcesBuildPhase;
			buildActionMask = 2147483647;
			files = (
				4076207C1AFEC41200100550 /* AppDelegate.m in Sources */,
				407620791AFEC41200100550 /* main.m in Sources */,
			);
			runOnlyForDeploymentPostprocessing = 0;
		};
		407620881AFEC41200100550 /* Sources */ = {
			isa = PBXSourcesBuildPhase;
			buildActionMask = 2147483647;
			files = (
				407620931AFEC41200100550 /* GravvyTests.m in Sources */,
			);
			runOnlyForDeploymentPostprocessing = 0;
		};
/* End PBXSourcesBuildPhase section */

/* Begin PBXTargetDependency section */
		4076208E1AFEC41200100550 /* PBXTargetDependency */ = {
			isa = PBXTargetDependency;
			target = 407620721AFEC41200100550 /* Gravvy */;
			targetProxy = 4076208D1AFEC41200100550 /* PBXContainerItemProxy */;
		};
/* End PBXTargetDependency section */

/* Begin PBXVariantGroup section */
		407620801AFEC41200100550 /* Main.storyboard */ = {
			isa = PBXVariantGroup;
			children = (
				407620811AFEC41200100550 /* Base */,
			);
			name = Main.storyboard;
			sourceTree = "<group>";
		};
		407620851AFEC41200100550 /* LaunchScreen.xib */ = {
			isa = PBXVariantGroup;
			children = (
				407620861AFEC41200100550 /* Base */,
			);
			name = LaunchScreen.xib;
			sourceTree = "<group>";
		};
/* End PBXVariantGroup section */

/* Begin XCBuildConfiguration section */
		407620941AFEC41200100550 /* Debug */ = {
			isa = XCBuildConfiguration;
			buildSettings = {
				ALWAYS_SEARCH_USER_PATHS = NO;
				CLANG_CXX_LANGUAGE_STANDARD = "gnu++0x";
				CLANG_CXX_LIBRARY = "libc++";
				CLANG_ENABLE_MODULES = YES;
				CLANG_ENABLE_OBJC_ARC = YES;
				CLANG_WARN_BOOL_CONVERSION = YES;
				CLANG_WARN_CONSTANT_CONVERSION = YES;
				CLANG_WARN_DIRECT_OBJC_ISA_USAGE = YES_ERROR;
				CLANG_WARN_EMPTY_BODY = YES;
				CLANG_WARN_ENUM_CONVERSION = YES;
				CLANG_WARN_INT_CONVERSION = YES;
				CLANG_WARN_OBJC_ROOT_CLASS = YES_ERROR;
				CLANG_WARN_UNREACHABLE_CODE = YES;
				CLANG_WARN__DUPLICATE_METHOD_MATCH = YES;
				"CODE_SIGN_IDENTITY[sdk=iphoneos*]" = "iPhone Developer";
				COPY_PHASE_STRIP = NO;
				DEBUG_INFORMATION_FORMAT = "dwarf-with-dsym";
				ENABLE_STRICT_OBJC_MSGSEND = YES;
				GCC_C_LANGUAGE_STANDARD = gnu99;
				GCC_DYNAMIC_NO_PIC = NO;
				GCC_NO_COMMON_BLOCKS = YES;
				GCC_OPTIMIZATION_LEVEL = 0;
				GCC_PREPROCESSOR_DEFINITIONS = (
					"DEBUG=1",
					"$(inherited)",
				);
				GCC_SYMBOLS_PRIVATE_EXTERN = NO;
				GCC_WARN_64_TO_32_BIT_CONVERSION = YES;
				GCC_WARN_ABOUT_RETURN_TYPE = YES_ERROR;
				GCC_WARN_UNDECLARED_SELECTOR = YES;
				GCC_WARN_UNINITIALIZED_AUTOS = YES_AGGRESSIVE;
				GCC_WARN_UNUSED_FUNCTION = YES;
				GCC_WARN_UNUSED_VARIABLE = YES;
				IPHONEOS_DEPLOYMENT_TARGET = 8.3;
				MTL_ENABLE_DEBUG_INFO = YES;
				ONLY_ACTIVE_ARCH = YES;
				SDKROOT = iphoneos;
				TARGETED_DEVICE_FAMILY = "1,2";
			};
			name = Debug;
		};
		407620951AFEC41200100550 /* Release */ = {
			isa = XCBuildConfiguration;
			buildSettings = {
				ALWAYS_SEARCH_USER_PATHS = NO;
				CLANG_CXX_LANGUAGE_STANDARD = "gnu++0x";
				CLANG_CXX_LIBRARY = "libc++";
				CLANG_ENABLE_MODULES = YES;
				CLANG_ENABLE_OBJC_ARC = YES;
				CLANG_WARN_BOOL_CONVERSION = YES;
				CLANG_WARN_CONSTANT_CONVERSION = YES;
				CLANG_WARN_DIRECT_OBJC_ISA_USAGE = YES_ERROR;
				CLANG_WARN_EMPTY_BODY = YES;
				CLANG_WARN_ENUM_CONVERSION = YES;
				CLANG_WARN_INT_CONVERSION = YES;
				CLANG_WARN_OBJC_ROOT_CLASS = YES_ERROR;
				CLANG_WARN_UNREACHABLE_CODE = YES;
				CLANG_WARN__DUPLICATE_METHOD_MATCH = YES;
				"CODE_SIGN_IDENTITY[sdk=iphoneos*]" = "iPhone Developer";
				COPY_PHASE_STRIP = NO;
				DEBUG_INFORMATION_FORMAT = "dwarf-with-dsym";
				ENABLE_NS_ASSERTIONS = NO;
				ENABLE_STRICT_OBJC_MSGSEND = YES;
				GCC_C_LANGUAGE_STANDARD = gnu99;
				GCC_NO_COMMON_BLOCKS = YES;
				GCC_WARN_64_TO_32_BIT_CONVERSION = YES;
				GCC_WARN_ABOUT_RETURN_TYPE = YES_ERROR;
				GCC_WARN_UNDECLARED_SELECTOR = YES;
				GCC_WARN_UNINITIALIZED_AUTOS = YES_AGGRESSIVE;
				GCC_WARN_UNUSED_FUNCTION = YES;
				GCC_WARN_UNUSED_VARIABLE = YES;
				IPHONEOS_DEPLOYMENT_TARGET = 8.3;
				MTL_ENABLE_DEBUG_INFO = NO;
				SDKROOT = iphoneos;
				TARGETED_DEVICE_FAMILY = "1,2";
				VALIDATE_PRODUCT = YES;
			};
			name = Release;
		};
		407620971AFEC41200100550 /* Debug */ = {
			isa = XCBuildConfiguration;
			buildSettings = {
				ASSETCATALOG_COMPILER_APPICON_NAME = AppIcon;
				ASSETCATALOG_COMPILER_LAUNCHIMAGE_NAME = LaunchImage;
				INFOPLIST_FILE = Gravvy/Info.plist;
				IPHONEOS_DEPLOYMENT_TARGET = 7.0;
				LD_RUNPATH_SEARCH_PATHS = "$(inherited) @executable_path/Frameworks";
				PRODUCT_NAME = "$(TARGET_NAME)";
				TARGETED_DEVICE_FAMILY = 1;
			};
			name = Debug;
		};
		407620981AFEC41200100550 /* Release */ = {
			isa = XCBuildConfiguration;
			buildSettings = {
				ASSETCATALOG_COMPILER_APPICON_NAME = AppIcon;
				ASSETCATALOG_COMPILER_LAUNCHIMAGE_NAME = LaunchImage;
				INFOPLIST_FILE = Gravvy/Info.plist;
				IPHONEOS_DEPLOYMENT_TARGET = 7.0;
				LD_RUNPATH_SEARCH_PATHS = "$(inherited) @executable_path/Frameworks";
				PRODUCT_NAME = "$(TARGET_NAME)";
				TARGETED_DEVICE_FAMILY = 1;
			};
			name = Release;
		};
		4076209A1AFEC41200100550 /* Debug */ = {
			isa = XCBuildConfiguration;
			buildSettings = {
				BUNDLE_LOADER = "$(TEST_HOST)";
				FRAMEWORK_SEARCH_PATHS = (
					"$(SDKROOT)/Developer/Library/Frameworks",
					"$(inherited)",
				);
				GCC_PREPROCESSOR_DEFINITIONS = (
					"DEBUG=1",
					"$(inherited)",
				);
				INFOPLIST_FILE = GravvyTests/Info.plist;
				LD_RUNPATH_SEARCH_PATHS = "$(inherited) @executable_path/Frameworks @loader_path/Frameworks";
				PRODUCT_NAME = "$(TARGET_NAME)";
				TEST_HOST = "$(BUILT_PRODUCTS_DIR)/Gravvy.app/Gravvy";
			};
			name = Debug;
		};
		4076209B1AFEC41200100550 /* Release */ = {
			isa = XCBuildConfiguration;
			buildSettings = {
				BUNDLE_LOADER = "$(TEST_HOST)";
				FRAMEWORK_SEARCH_PATHS = (
					"$(SDKROOT)/Developer/Library/Frameworks",
					"$(inherited)",
				);
				INFOPLIST_FILE = GravvyTests/Info.plist;
				LD_RUNPATH_SEARCH_PATHS = "$(inherited) @executable_path/Frameworks @loader_path/Frameworks";
				PRODUCT_NAME = "$(TARGET_NAME)";
				TEST_HOST = "$(BUILT_PRODUCTS_DIR)/Gravvy.app/Gravvy";
			};
			name = Release;
		};
/* End XCBuildConfiguration section */

/* Begin XCConfigurationList section */
		4076206E1AFEC41200100550 /* Build configuration list for PBXProject "Gravvy" */ = {
			isa = XCConfigurationList;
			buildConfigurations = (
				407620941AFEC41200100550 /* Debug */,
				407620951AFEC41200100550 /* Release */,
			);
			defaultConfigurationIsVisible = 0;
			defaultConfigurationName = Release;
		};
		407620961AFEC41200100550 /* Build configuration list for PBXNativeTarget "Gravvy" */ = {
			isa = XCConfigurationList;
			buildConfigurations = (
				407620971AFEC41200100550 /* Debug */,
				407620981AFEC41200100550 /* Release */,
			);
			defaultConfigurationIsVisible = 0;
		};
		407620991AFEC41200100550 /* Build configuration list for PBXNativeTarget "GravvyTests" */ = {
			isa = XCConfigurationList;
			buildConfigurations = (
				4076209A1AFEC41200100550 /* Debug */,
				4076209B1AFEC41200100550 /* Release */,
			);
			defaultConfigurationIsVisible = 0;
		};
/* End XCConfigurationList section */
	};
	rootObject = 4076206B1AFEC41200100550 /* Project object */;
}
